speakeasyVersion: 1.798.0
sources:
    FireHydrant-OAS:
        sourceNamespace: fire-hydrant-oas
        sourceRevisionDigest: sha256:a57a0b9c7838d2d0de4bcebe8959254612a7bc492192443a6367da9fac36a970
        sourceBlobDigest: sha256:fcbec2313610ce252fc40b13d17506befa4e69a2887cb6a47df50c37d65c6881
        tags:
            - latest
    firehydrant-oas:
        sourceNamespace: firehydrant-oas
        sourceRevisionDigest: sha256:28e87705905cdbe77af105c4acfc1952356bfb34e5d700c378b32b37c8017d7f
        sourceBlobDigest: sha256:e391f497995d262d84e821578a98cec783f288f668a7756cb9cb3d5367386946
        tags:
            - latest
            - 0.0.1
targets:
    fire-hydrant:
        source: firehydrant-oas
        sourceNamespace: firehydrant-oas
        sourceRevisionDigest: sha256:28e87705905cdbe77af105c4acfc1952356bfb34e5d700c378b32b37c8017d7f
        sourceBlobDigest: sha256:e391f497995d262d84e821578a98cec783f288f668a7756cb9cb3d5367386946
        codeSamplesNamespace: firehydrant-oas-go-code-samples
        codeSamplesRevisionDigest: sha256:f036f5010170b7bad84644fb69ad772dc2da69f03af5979d931dee2ca620532d
workflow:
    workflowVersion: 1.0.0
    speakeasyVersion: latest
    sources:
        firehydrant-oas:
            inputs:
                - location: ${GITHUB_WORKSPACE}/openapi.json
            registry:
                location: registry.speakeasyapi.dev/firehydrant/firehydrant/firehydrant-oas
    targets:
        fire-hydrant:
            target: go
            source: firehydrant-oas
            codeSamples:
                registry:
                    location: registry.speakeasyapi.dev/firehydrant/firehydrant/firehydrant-oas-go-code-samples
                blocking: false
