speakeasyVersion: 1.798.0
sources:
    FireHydrant-OAS:
        sourceNamespace: fire-hydrant-oas
        sourceRevisionDigest: sha256:a57a0b9c7838d2d0de4bcebe8959254612a7bc492192443a6367da9fac36a970
        sourceBlobDigest: sha256:fcbec2313610ce252fc40b13d17506befa4e69a2887cb6a47df50c37d65c6881
        tags:
            - latest
    firehydrant-oas:
        sourceNamespace: firehydrant-oas
        sourceRevisionDigest: sha256:7a1e08b1b617203d75de2cc38a2aeba66d1736e482527ee4e9f506e836734ceb
        sourceBlobDigest: sha256:a4492990ec38c641e24fd3ec3b92a0c594037e377c3dd5b44542e77d3867a276
        tags:
            - latest
            - 0.0.1
targets:
    fire-hydrant:
        source: firehydrant-oas
        sourceNamespace: firehydrant-oas
        sourceRevisionDigest: sha256:7a1e08b1b617203d75de2cc38a2aeba66d1736e482527ee4e9f506e836734ceb
        sourceBlobDigest: sha256:a4492990ec38c641e24fd3ec3b92a0c594037e377c3dd5b44542e77d3867a276
        codeSamplesNamespace: firehydrant-oas-go-code-samples
        codeSamplesRevisionDigest: sha256:3c3c780e44b2ae04bde91833d2f1f9964565c22649dcd854e4fc027ab8bd787d
workflow:
    workflowVersion: 1.0.0
    speakeasyVersion: latest
    sources:
        firehydrant-oas:
            inputs:
                - location: ${GITHUB_WORKSPACE}/openapi.json
            overlays:
                - location: ${GITHUB_WORKSPACE}/errors-overlay.yaml
            registry:
                location: registry.speakeasyapi.dev/firehydrant/firehydrant/firehydrant-oas
    targets:
        fire-hydrant:
            target: go
            source: firehydrant-oas
            codeSamples:
                registry:
                    location: registry.speakeasyapi.dev/firehydrant/firehydrant/firehydrant-oas-go-code-samples
                blocking: false
